
Microsoft Visual Studio Solution File, Format Version 11.00
# Visual Studio 2010
Project("{FAE04EC0-301F-11D3-BF4B-00C04F79EFBC}") = "Assembly-CSharp", "Assembly-CSharp.csproj", "{6FF57B8A-B2DE-D9DB-FEF5-21051DBC5DDC}"
EndProject
Project("{FAE04EC0-301F-11D3-BF4B-00C04F79EFBC}") = "AstarPathfindingProject", "AstarPathfindingProject.csproj", "{D9C42D1F-806E-31B3-FDE7-69D9600E9BB8}"
EndProject
Project("{FAE04EC0-301F-11D3-BF4B-00C04F79EFBC}") = "AstarPathfindingProjectEditor", "AstarPathfindingProjectEditor.csproj", "{6ABE3545-BAAC-C5F7-DD37-4BD9C9F9C446}"
EndProject
Project("{FAE04EC0-301F-11D3-BF4B-00C04F79EFBC}") = "PackageToolsEditor", "PackageToolsEditor.csproj", "{70BA5B40-F6CA-6CBF-139E-C7D868DC71C1}"
EndProject
Global
	GlobalSection(SolutionConfigurationPlatforms) = preSolution
		Debug|Any CPU = Debug|Any CPU
		Release|Any CPU = Release|Any CPU
	EndGlobalSection
	GlobalSection(ProjectConfigurationPlatforms) = postSolution
		{6FF57B8A-B2DE-D9DB-FEF5-21051DBC5DDC}.Debug|Any CPU.ActiveCfg = Debug|Any CPU
		{6FF57B8A-B2DE-D9DB-FEF5-21051DBC5DDC}.Debug|Any CPU.Build.0 = Debug|Any CPU
		{6FF57B8A-B2DE-D9DB-FEF5-21051DBC5DDC}.Release|Any CPU.ActiveCfg = Release|Any CPU
		{6FF57B8A-B2DE-D9DB-FEF5-21051DBC5DDC}.Release|Any CPU.Build.0 = Release|Any CPU
		{D9C42D1F-806E-31B3-FDE7-69D9600E9BB8}.Debug|Any CPU.ActiveCfg = Debug|Any CPU
		{D9C42D1F-806E-31B3-FDE7-69D9600E9BB8}.Debug|Any CPU.Build.0 = Debug|Any CPU
		{D9C42D1F-806E-31B3-FDE7-69D9600E9BB8}.Release|Any CPU.ActiveCfg = Release|Any CPU
		{D9C42D1F-806E-31B3-FDE7-69D9600E9BB8}.Release|Any CPU.Build.0 = Release|Any CPU
		{6ABE3545-BAAC-C5F7-DD37-4BD9C9F9C446}.Debug|Any CPU.ActiveCfg = Debug|Any CPU
		{6ABE3545-BAAC-C5F7-DD37-4BD9C9F9C446}.Debug|Any CPU.Build.0 = Debug|Any CPU
		{6ABE3545-BAAC-C5F7-DD37-4BD9C9F9C446}.Release|Any CPU.ActiveCfg = Release|Any CPU
		{6ABE3545-BAAC-C5F7-DD37-4BD9C9F9C446}.Release|Any CPU.Build.0 = Release|Any CPU
		{70BA5B40-F6CA-6CBF-139E-C7D868DC71C1}.Debug|Any CPU.ActiveCfg = Debug|Any CPU
		{70BA5B40-F6CA-6CBF-139E-C7D868DC71C1}.Debug|Any CPU.Build.0 = Debug|Any CPU
		{70BA5B40-F6CA-6CBF-139E-C7D868DC71C1}.Release|Any CPU.ActiveCfg = Release|Any CPU
		{70BA5B40-F6CA-6CBF-139E-C7D868DC71C1}.Release|Any CPU.Build.0 = Release|Any CPU
	EndGlobalSection
	GlobalSection(SolutionProperties) = preSolution
		HideSolutionNode = FALSE
	EndGlobalSection
	GlobalSection(MonoDevelopProperties) = preSolution
		StartupItem = Assembly-CSharp.csproj
	EndGlobalSection
EndGlobal
